github.com/jabolopes/go-slice v0.0.0-20220320220532-a9c0282cb3fa h1:NkZ64gdH9avulW8h/Iof9ZVoz5kAvSYwZ7QwlvcMEvA=
github.com/jabolopes/go-slice v0.0.0-20220320220532-a9c0282cb3fa/go.mod h1:lnoJHRmx9zhxDeB89Z25FL3faEp4561FJd9fCY2WXLQ=
golang.org/x/exp v0.0.0-20220318154914-8dddf5d87bd8 h1:s/+U+w0teGzcoH2mdIlFQ6KfVKGaYpgyGdUefZrn9TU=
golang.org/x/exp v0.0.0-20220318154914-8dddf5d87bd8/go.mod h1:lgLbSvA5ygNOMpwM/9anMpWVlVJ7Z+cHWq/eFuinpGE=
